
Microsoft Visual Studio Solution File, Format Version 12.00
# Visual Studio Version 16
VisualStudioVersion = 16.0.32106.194
MinimumVisualStudioVersion = 10.0.40219.1
Project("{FAE04EC0-301F-11D3-BF4B-00C04F79EFBC}") = "023. elsotizparososszege", "023. elsotizparososszege\023. elsotizparososszege.csproj", "{F9239DFD-7964-49C9-B3E5-FC383BB1A092}"
EndProject
Global
	GlobalSection(SolutionConfigurationPlatforms) = preSolution
		Debug|Any CPU = Debug|Any CPU
		Release|Any CPU = Release|Any CPU
	EndGlobalSection
	GlobalSection(ProjectConfigurationPlatforms) = postSolution
		{F9239DFD-7964-49C9-B3E5-FC383BB1A092}.Debug|Any CPU.ActiveCfg = Debug|Any CPU
		{F9239DFD-7964-49C9-B3E5-FC383BB1A092}.Debug|Any CPU.Build.0 = Debug|Any CPU
		{F9239DFD-7964-49C9-B3E5-FC383BB1A092}.Release|Any CPU.ActiveCfg = Release|Any CPU
		{F9239DFD-7964-49C9-B3E5-FC383BB1A092}.Release|Any CPU.Build.0 = Release|Any CPU
	EndGlobalSection
	GlobalSection(SolutionProperties) = preSolution
		HideSolutionNode = FALSE
	EndGlobalSection
	GlobalSection(ExtensibilityGlobals) = postSolution
		SolutionGuid = {D5C296A1-042F-434A-8CA6-E5CA0620EA96}
	EndGlobalSection
EndGlobal
